// !$*UTF8*$!
{
	archiveVersion = 1;
	classes = {
	};
	objectVersion = 46;
	objects = {

/* Begin PBXFileReference section */
		37F8D7AE1471956700A54DA3 /* app.yaml */ = {isa = PBXFileReference; lastKnownFileType = text; name = app.yaml; path = scoreboard/app.yaml; sourceTree = "<group>"; };
		37F8D7AF1471956700A54DA3 /* index.yaml */ = {isa = PBXFileReference; lastKnownFileType = text; name = index.yaml; path = scoreboard/index.yaml; sourceTree = "<group>"; };
		37F8D7B01471956700A54DA3 /* main.py */ = {isa = PBXFileReference; lastKnownFileType = text.script.python; name = main.py; path = scoreboard/main.py; sourceTree = "<group>"; };
		37F8D7B11471956700A54DA3 /* myapp */ = {isa = PBXFileReference; lastKnownFileType = folder; name = myapp; path = scoreboard/myapp; sourceTree = "<group>"; };
		37F8D7B61471959500A54DA3 /* README.markdown */ = {isa = PBXFileReference; explicitFileType = text; path = README.markdown; sourceTree = "<group>"; };
/* End PBXFileReference section */

/* Begin PBXGroup section */
		3770C31A14718868001FDF76 = {
			isa = PBXGroup;
			children = (
				37F8D7B61471959500A54DA3 /* README.markdown */,
				37F8D7AE1471956700A54DA3 /* app.yaml */,
				37F8D7AF1471956700A54DA3 /* index.yaml */,
				37F8D7B01471956700A54DA3 /* main.py */,
				37F8D7B11471956700A54DA3 /* myapp */,
			);
			sourceTree = "<group>";
		};
/* End PBXGroup section */

/* Begin PBXProject section */
		3770C31C14718868001FDF76 /* Project object */ = {
			isa = PBXProject;
			attributes = {
				LastUpgradeCheck = 0420;
				ORGANIZATIONNAME = "Argonne National Laboratory";
			};
			buildConfigurationList = 3770C31F14718868001FDF76 /* Build configuration list for PBXProject "scoreboard" */;
			compatibilityVersion = "Xcode 3.2";
			developmentRegion = English;
			hasScannedForEncodings = 0;
			knownRegions = (
				en,
			);
			mainGroup = 3770C31A14718868001FDF76;
			projectDirPath = "";
			projectRoot = "";
			targets = (
			);
		};
/* End PBXProject section */

/* Begin XCBuildConfiguration section */
		3770C32114718868001FDF76 /* Debug */ = {
			isa = XCBuildConfiguration;
			buildSettings = {
			};
			name = Debug;
		};
		3770C32214718868001FDF76 /* Release */ = {
			isa = XCBuildConfiguration;
			buildSettings = {
			};
			name = Release;
		};
/* End XCBuildConfiguration section */

/* Begin XCConfigurationList section */
		3770C31F14718868001FDF76 /* Build configuration list for PBXProject "scoreboard" */ = {
			isa = XCConfigurationList;
			buildConfigurations = (
				3770C32114718868001FDF76 /* Debug */,
				3770C32214718868001FDF76 /* Release */,
			);
			defaultConfigurationIsVisible = 0;
			defaultConfigurationName = Release;
		};
/* End XCConfigurationList section */
	};
	rootObject = 3770C31C14718868001FDF76 /* Project object */;
}
